
Microsoft Visual Studio Solution File, Format Version 12.00
# Visual Studio Version 17
VisualStudioVersion = 17.13.35931.197 d17.13
MinimumVisualStudioVersion = 10.0.40219.1
Project("{2150E333-8FDC-42A3-9474-1A3956D46DE8}") = "API", "API", "{02EA681E-C7D8-13C7-8484-4AC65E1B71E8}"
EndProject
Project("{2150E333-8FDC-42A3-9474-1A3956D46DE8}") = "Data", "Data", "{A7BF633A-6C22-4B24-BD31-A96F3127A35B}"
EndProject
Project("{2150E333-8FDC-42A3-9474-1A3956D46DE8}") = "Domain", "Domain", "{5BD9D121-B520-4F84-95DD-D4A179C0DBCA}"
EndProject
Project("{2150E333-8FDC-42A3-9474-1A3956D46DE8}") = "Infrastructure", "Infrastructure", "{2EB1F915-F63E-467A-AFA1-6347E4ECC080}"
EndProject
Project("{2150E333-8FDC-42A3-9474-1A3956D46DE8}") = "Service", "Service", "{360AA1DB-1770-4C34-88F6-463D3EC544A4}"
EndProject
Project("{FAE04EC0-301F-11D3-BF4B-00C04F79EFBC}") = "APIController", "APIController\APIController.csproj", "{FA128EE8-145D-4C53-9DEB-85E8EC903408}"
EndProject
Project("{FAE04EC0-301F-11D3-BF4B-00C04F79EFBC}") = "Database", "Database\Database.csproj", "{480CA50D-4C6F-406F-A69E-C030FC19232A}"
EndProject
Project("{FAE04EC0-301F-11D3-BF4B-00C04F79EFBC}") = "DTOs", "DTOs\DTOs.csproj", "{8EC98A4C-459F-4BD1-85AC-33C9C9F5516D}"
EndProject
Project("{FAE04EC0-301F-11D3-BF4B-00C04F79EFBC}") = "Repository", "Repository\Repository.csproj", "{D94994EC-ADB3-46C8-961B-223C4D35E5F5}"
EndProject
Project("{FAE04EC0-301F-11D3-BF4B-00C04F79EFBC}") = "BaseSystem", "BaseSystem\BaseSystem.csproj", "{47303DF7-CDD0-48B4-BB28-40B43F6B00F2}"
EndProject
Project("{FAE04EC0-301F-11D3-BF4B-00C04F79EFBC}") = "Entities", "Entities\Entities.csproj", "{C62A48B4-A944-46F6-ABF1-2596E653DDE6}"
EndProject
Project("{FAE04EC0-301F-11D3-BF4B-00C04F79EFBC}") = "Mapper", "Mapper\Mapper.csproj", "{28F403E5-765E-4344-89F1-6080C14095FB}"
EndProject
Project("{FAE04EC0-301F-11D3-BF4B-00C04F79EFBC}") = "SystemConfiguration", "SystemConfiguration\SystemConfiguration.csproj", "{F4B681A8-100E-49F2-BFB7-0CAF2888B950}"
EndProject
Project("{FAE04EC0-301F-11D3-BF4B-00C04F79EFBC}") = "CommonService", "CommonService\CommonService.csproj", "{FCE1831D-DBB5-4555-AD74-A37B37D366FF}"
EndProject
Project("{FAE04EC0-301F-11D3-BF4B-00C04F79EFBC}") = "SystemService", "SystemService\SystemService.csproj", "{28C1F688-56ED-4CFE-BA70-AD1CFAB4B6F9}"
EndProject
Global
	GlobalSection(SolutionConfigurationPlatforms) = preSolution
		Debug|Any CPU = Debug|Any CPU
		Release|Any CPU = Release|Any CPU
	EndGlobalSection
	GlobalSection(ProjectConfigurationPlatforms) = postSolution
		{FA128EE8-145D-4C53-9DEB-85E8EC903408}.Debug|Any CPU.ActiveCfg = Debug|Any CPU
		{FA128EE8-145D-4C53-9DEB-85E8EC903408}.Debug|Any CPU.Build.0 = Debug|Any CPU
		{FA128EE8-145D-4C53-9DEB-85E8EC903408}.Release|Any CPU.ActiveCfg = Release|Any CPU
		{FA128EE8-145D-4C53-9DEB-85E8EC903408}.Release|Any CPU.Build.0 = Release|Any CPU
		{480CA50D-4C6F-406F-A69E-C030FC19232A}.Debug|Any CPU.ActiveCfg = Debug|Any CPU
		{480CA50D-4C6F-406F-A69E-C030FC19232A}.Debug|Any CPU.Build.0 = Debug|Any CPU
		{480CA50D-4C6F-406F-A69E-C030FC19232A}.Release|Any CPU.ActiveCfg = Release|Any CPU
		{480CA50D-4C6F-406F-A69E-C030FC19232A}.Release|Any CPU.Build.0 = Release|Any CPU
		{8EC98A4C-459F-4BD1-85AC-33C9C9F5516D}.Debug|Any CPU.ActiveCfg = Debug|Any CPU
		{8EC98A4C-459F-4BD1-85AC-33C9C9F5516D}.Debug|Any CPU.Build.0 = Debug|Any CPU
		{8EC98A4C-459F-4BD1-85AC-33C9C9F5516D}.Release|Any CPU.ActiveCfg = Release|Any CPU
		{8EC98A4C-459F-4BD1-85AC-33C9C9F5516D}.Release|Any CPU.Build.0 = Release|Any CPU
		{D94994EC-ADB3-46C8-961B-223C4D35E5F5}.Debug|Any CPU.ActiveCfg = Debug|Any CPU
		{D94994EC-ADB3-46C8-961B-223C4D35E5F5}.Debug|Any CPU.Build.0 = Debug|Any CPU
		{D94994EC-ADB3-46C8-961B-223C4D35E5F5}.Release|Any CPU.ActiveCfg = Release|Any CPU
		{D94994EC-ADB3-46C8-961B-223C4D35E5F5}.Release|Any CPU.Build.0 = Release|Any CPU
		{47303DF7-CDD0-48B4-BB28-40B43F6B00F2}.Debug|Any CPU.ActiveCfg = Debug|Any CPU
		{47303DF7-CDD0-48B4-BB28-40B43F6B00F2}.Debug|Any CPU.Build.0 = Debug|Any CPU
		{47303DF7-CDD0-48B4-BB28-40B43F6B00F2}.Release|Any CPU.ActiveCfg = Release|Any CPU
		{47303DF7-CDD0-48B4-BB28-40B43F6B00F2}.Release|Any CPU.Build.0 = Release|Any CPU
		{C62A48B4-A944-46F6-ABF1-2596E653DDE6}.Debug|Any CPU.ActiveCfg = Debug|Any CPU
		{C62A48B4-A944-46F6-ABF1-2596E653DDE6}.Debug|Any CPU.Build.0 = Debug|Any CPU
		{C62A48B4-A944-46F6-ABF1-2596E653DDE6}.Release|Any CPU.ActiveCfg = Release|Any CPU
		{C62A48B4-A944-46F6-ABF1-2596E653DDE6}.Release|Any CPU.Build.0 = Release|Any CPU
		{28F403E5-765E-4344-89F1-6080C14095FB}.Debug|Any CPU.ActiveCfg = Debug|Any CPU
		{28F403E5-765E-4344-89F1-6080C14095FB}.Debug|Any CPU.Build.0 = Debug|Any CPU
		{28F403E5-765E-4344-89F1-6080C14095FB}.Release|Any CPU.ActiveCfg = Release|Any CPU
		{28F403E5-765E-4344-89F1-6080C14095FB}.Release|Any CPU.Build.0 = Release|Any CPU
		{F4B681A8-100E-49F2-BFB7-0CAF2888B950}.Debug|Any CPU.ActiveCfg = Debug|Any CPU
		{F4B681A8-100E-49F2-BFB7-0CAF2888B950}.Debug|Any CPU.Build.0 = Debug|Any CPU
		{F4B681A8-100E-49F2-BFB7-0CAF2888B950}.Release|Any CPU.ActiveCfg = Release|Any CPU
		{F4B681A8-100E-49F2-BFB7-0CAF2888B950}.Release|Any CPU.Build.0 = Release|Any CPU
		{FCE1831D-DBB5-4555-AD74-A37B37D366FF}.Debug|Any CPU.ActiveCfg = Debug|Any CPU
		{FCE1831D-DBB5-4555-AD74-A37B37D366FF}.Debug|Any CPU.Build.0 = Debug|Any CPU
		{FCE1831D-DBB5-4555-AD74-A37B37D366FF}.Release|Any CPU.ActiveCfg = Release|Any CPU
		{FCE1831D-DBB5-4555-AD74-A37B37D366FF}.Release|Any CPU.Build.0 = Release|Any CPU
		{28C1F688-56ED-4CFE-BA70-AD1CFAB4B6F9}.Debug|Any CPU.ActiveCfg = Debug|Any CPU
		{28C1F688-56ED-4CFE-BA70-AD1CFAB4B6F9}.Debug|Any CPU.Build.0 = Debug|Any CPU
		{28C1F688-56ED-4CFE-BA70-AD1CFAB4B6F9}.Release|Any CPU.ActiveCfg = Release|Any CPU
		{28C1F688-56ED-4CFE-BA70-AD1CFAB4B6F9}.Release|Any CPU.Build.0 = Release|Any CPU
	EndGlobalSection
	GlobalSection(SolutionProperties) = preSolution
		HideSolutionNode = FALSE
	EndGlobalSection
	GlobalSection(NestedProjects) = preSolution
		{FA128EE8-145D-4C53-9DEB-85E8EC903408} = {02EA681E-C7D8-13C7-8484-4AC65E1B71E8}
		{480CA50D-4C6F-406F-A69E-C030FC19232A} = {A7BF633A-6C22-4B24-BD31-A96F3127A35B}
		{8EC98A4C-459F-4BD1-85AC-33C9C9F5516D} = {A7BF633A-6C22-4B24-BD31-A96F3127A35B}
		{D94994EC-ADB3-46C8-961B-223C4D35E5F5} = {A7BF633A-6C22-4B24-BD31-A96F3127A35B}
		{47303DF7-CDD0-48B4-BB28-40B43F6B00F2} = {5BD9D121-B520-4F84-95DD-D4A179C0DBCA}
		{C62A48B4-A944-46F6-ABF1-2596E653DDE6} = {5BD9D121-B520-4F84-95DD-D4A179C0DBCA}
		{28F403E5-765E-4344-89F1-6080C14095FB} = {2EB1F915-F63E-467A-AFA1-6347E4ECC080}
		{F4B681A8-100E-49F2-BFB7-0CAF2888B950} = {2EB1F915-F63E-467A-AFA1-6347E4ECC080}
		{FCE1831D-DBB5-4555-AD74-A37B37D366FF} = {360AA1DB-1770-4C34-88F6-463D3EC544A4}
		{28C1F688-56ED-4CFE-BA70-AD1CFAB4B6F9} = {360AA1DB-1770-4C34-88F6-463D3EC544A4}
	EndGlobalSection
	GlobalSection(ExtensibilityGlobals) = postSolution
		SolutionGuid = {882E0607-A316-4B95-AD1F-C2D69D8F73A8}
	EndGlobalSection
EndGlobal
